
Microsoft Visual Studio Solution File, Format Version 12.00
# Visual Studio Version 16
VisualStudioVersion = 16.0.29009.5
MinimumVisualStudioVersion = 10.0.40219.1
Project("{FAE04EC0-301F-11D3-BF4B-00C04F79EFBC}") = "OSIsoft.PISystemDeploymentTests", "OSIsoft.PISystemDeploymentTests.csproj", "{87CE9A97-55BC-4756-976F-4009F6A2A48C}"
EndProject
Global
	GlobalSection(SolutionConfigurationPlatforms) = preSolution
		Debug|Any CPU = Debug|Any CPU
		Release|Any CPU = Release|Any CPU
	EndGlobalSection
	GlobalSection(ProjectConfigurationPlatforms) = postSolution
		{87CE9A97-55BC-4756-976F-4009F6A2A48C}.Debug|Any CPU.ActiveCfg = Debug|Any CPU
		{87CE9A97-55BC-4756-976F-4009F6A2A48C}.Debug|Any CPU.Build.0 = Debug|Any CPU
		{87CE9A97-55BC-4756-976F-4009F6A2A48C}.Release|Any CPU.ActiveCfg = Release|Any CPU
		{87CE9A97-55BC-4756-976F-4009F6A2A48C}.Release|Any CPU.Build.0 = Release|Any CPU
	EndGlobalSection
	GlobalSection(SolutionProperties) = preSolution
		HideSolutionNode = FALSE
	EndGlobalSection
	GlobalSection(ExtensibilityGlobals) = postSolution
		SolutionGuid = {769C4D3A-B7C6-4B3A-8598-A0A26C812DF4}
	EndGlobalSection
EndGlobal
